{
  "requires": true,
  "lockfileVersion": 1,
  "dependencies": {
    "pulltorefreshjs": {
      "version": "0.1.16",
      "resolved": "https://registry.npmjs.org/pulltorefreshjs/-/pulltorefreshjs-0.1.16.tgz",
      "integrity": "sha512-F3K+LhEzpkrajVEG6p6tU+QTmNihhzl0vzOnw46iTZM5gXTfvrv9VGsi8xVC+g5VE5is0ObGPdICk7j0ffv2pw=="
    }
  }
}
